
Microsoft Visual Studio Solution File, Format Version 12.00
# Visual Studio Version 16
VisualStudioVersion = 16.0.29215.179
MinimumVisualStudioVersion = 10.0.40219.1
Project("{2150E333-8FDC-42A3-9474-1A3956D46DE8}") = "Services", "Services", "{32726435-40A1-4244-A29F-527E48532AC2}"
EndProject
Project("{2150E333-8FDC-42A3-9474-1A3956D46DE8}") = "DataModels", "DataModels", "{A22F6889-6DBB-46B8-B38E-B50114114768}"
EndProject
Project("{9A19103F-16F7-4668-BE54-9A1E7A4F7556}") = "StreamLineModels", "src\DataModels\StreamLineModels\StreamLineModels.csproj", "{2815D74D-BA00-4C6E-B107-CC56416A0D4B}"
EndProject
Project("{2150E333-8FDC-42A3-9474-1A3956D46DE8}") = "src", "src", "{2593D85C-6B8F-4279-818E-7D61EF2C921A}"
EndProject
Project("{2150E333-8FDC-42A3-9474-1A3956D46DE8}") = "Administration", "Administration", "{120D67A1-A74A-4C0F-8C00-4049DDDEC96A}"
EndProject
Project("{9A19103F-16F7-4668-BE54-9A1E7A4F7556}") = "Administration.API", "src\Services\Administration\Administration.API\Administration.API.csproj", "{376B3B64-4F01-493D-8850-35A0423587EE}"
EndProject
Project("{2150E333-8FDC-42A3-9474-1A3956D46DE8}") = "Authentication", "Authentication", "{FCE70043-5DB7-4032-B06F-04DFBD96D603}"
EndProject
Project("{9A19103F-16F7-4668-BE54-9A1E7A4F7556}") = "Authentication.API", "src\Services\Authentication\Authentication.API\Authentication.API.csproj", "{C30702C3-912A-4E5F-A005-5638BCC48D46}"
EndProject
Project("{E53339B2-1760-4266-BCC7-CA923CBCF16C}") = "docker-compose", "docker-compose.dcproj", "{2D4EF34D-D882-4670-90D7-CAADA3B75C73}"
EndProject
Project("{2150E333-8FDC-42A3-9474-1A3956D46DE8}") = "Web Apps", "Web Apps", "{0B981B59-8539-45FA-8A2C-ECA245C86200}"
EndProject
Project("{9A19103F-16F7-4668-BE54-9A1E7A4F7556}") = "WebMVC", "src\Web Apps\WebMVC\WebMVC.csproj", "{DDF1582C-AC70-4262-A390-448BB12E7224}"
EndProject
Project("{9A19103F-16F7-4668-BE54-9A1E7A4F7556}") = "Common", "src\Services\Common\Common.csproj", "{1CFAA57F-6792-4D29-A96F-845B1C0F6FDD}"
EndProject
Project("{2150E333-8FDC-42A3-9474-1A3956D46DE8}") = "Researcher", "Researcher", "{F38C8AD2-0E69-4C1F-A120-7E73C2C39540}"
EndProject
Project("{FAE04EC0-301F-11D3-BF4B-00C04F79EFBC}") = "Researcher.API", "src\Services\Researcher\Researcher.API\Researcher.API.csproj", "{2A49A166-C5E9-4C45-9156-D5023CCB569B}"
EndProject
Project("{2150E333-8FDC-42A3-9474-1A3956D46DE8}") = "Patient", "Patient", "{05966CE0-4C56-4C9B-8C72-2257BA19351A}"
EndProject
Project("{FAE04EC0-301F-11D3-BF4B-00C04F79EFBC}") = "Patient.API", "src\Services\Patient\Patient.API\Patient.API.csproj", "{B6686096-4656-4EFB-9438-22A3BEA1B18E}"
EndProject
Global
	GlobalSection(SolutionConfigurationPlatforms) = preSolution
		Debug|Any CPU = Debug|Any CPU
		Release|Any CPU = Release|Any CPU
	EndGlobalSection
	GlobalSection(ProjectConfigurationPlatforms) = postSolution
		{2815D74D-BA00-4C6E-B107-CC56416A0D4B}.Debug|Any CPU.ActiveCfg = Debug|Any CPU
		{2815D74D-BA00-4C6E-B107-CC56416A0D4B}.Debug|Any CPU.Build.0 = Debug|Any CPU
		{2815D74D-BA00-4C6E-B107-CC56416A0D4B}.Release|Any CPU.ActiveCfg = Release|Any CPU
		{2815D74D-BA00-4C6E-B107-CC56416A0D4B}.Release|Any CPU.Build.0 = Release|Any CPU
		{376B3B64-4F01-493D-8850-35A0423587EE}.Debug|Any CPU.ActiveCfg = Debug|Any CPU
		{376B3B64-4F01-493D-8850-35A0423587EE}.Debug|Any CPU.Build.0 = Debug|Any CPU
		{376B3B64-4F01-493D-8850-35A0423587EE}.Release|Any CPU.ActiveCfg = Release|Any CPU
		{376B3B64-4F01-493D-8850-35A0423587EE}.Release|Any CPU.Build.0 = Release|Any CPU
		{C30702C3-912A-4E5F-A005-5638BCC48D46}.Debug|Any CPU.ActiveCfg = Debug|Any CPU
		{C30702C3-912A-4E5F-A005-5638BCC48D46}.Debug|Any CPU.Build.0 = Debug|Any CPU
		{C30702C3-912A-4E5F-A005-5638BCC48D46}.Release|Any CPU.ActiveCfg = Release|Any CPU
		{C30702C3-912A-4E5F-A005-5638BCC48D46}.Release|Any CPU.Build.0 = Release|Any CPU
		{2D4EF34D-D882-4670-90D7-CAADA3B75C73}.Debug|Any CPU.ActiveCfg = Debug|Any CPU
		{2D4EF34D-D882-4670-90D7-CAADA3B75C73}.Debug|Any CPU.Build.0 = Debug|Any CPU
		{2D4EF34D-D882-4670-90D7-CAADA3B75C73}.Release|Any CPU.ActiveCfg = Release|Any CPU
		{2D4EF34D-D882-4670-90D7-CAADA3B75C73}.Release|Any CPU.Build.0 = Release|Any CPU
		{DDF1582C-AC70-4262-A390-448BB12E7224}.Debug|Any CPU.ActiveCfg = Debug|Any CPU
		{DDF1582C-AC70-4262-A390-448BB12E7224}.Debug|Any CPU.Build.0 = Debug|Any CPU
		{DDF1582C-AC70-4262-A390-448BB12E7224}.Release|Any CPU.ActiveCfg = Release|Any CPU
		{DDF1582C-AC70-4262-A390-448BB12E7224}.Release|Any CPU.Build.0 = Release|Any CPU
		{1CFAA57F-6792-4D29-A96F-845B1C0F6FDD}.Debug|Any CPU.ActiveCfg = Debug|Any CPU
		{1CFAA57F-6792-4D29-A96F-845B1C0F6FDD}.Debug|Any CPU.Build.0 = Debug|Any CPU
		{1CFAA57F-6792-4D29-A96F-845B1C0F6FDD}.Release|Any CPU.ActiveCfg = Release|Any CPU
		{1CFAA57F-6792-4D29-A96F-845B1C0F6FDD}.Release|Any CPU.Build.0 = Release|Any CPU
		{2A49A166-C5E9-4C45-9156-D5023CCB569B}.Debug|Any CPU.ActiveCfg = Debug|Any CPU
		{2A49A166-C5E9-4C45-9156-D5023CCB569B}.Debug|Any CPU.Build.0 = Debug|Any CPU
		{2A49A166-C5E9-4C45-9156-D5023CCB569B}.Release|Any CPU.ActiveCfg = Release|Any CPU
		{2A49A166-C5E9-4C45-9156-D5023CCB569B}.Release|Any CPU.Build.0 = Release|Any CPU
		{B6686096-4656-4EFB-9438-22A3BEA1B18E}.Debug|Any CPU.ActiveCfg = Debug|Any CPU
		{B6686096-4656-4EFB-9438-22A3BEA1B18E}.Debug|Any CPU.Build.0 = Debug|Any CPU
		{B6686096-4656-4EFB-9438-22A3BEA1B18E}.Release|Any CPU.ActiveCfg = Release|Any CPU
		{B6686096-4656-4EFB-9438-22A3BEA1B18E}.Release|Any CPU.Build.0 = Release|Any CPU
	EndGlobalSection
	GlobalSection(SolutionProperties) = preSolution
		HideSolutionNode = FALSE
	EndGlobalSection
	GlobalSection(NestedProjects) = preSolution
		{32726435-40A1-4244-A29F-527E48532AC2} = {2593D85C-6B8F-4279-818E-7D61EF2C921A}
		{A22F6889-6DBB-46B8-B38E-B50114114768} = {2593D85C-6B8F-4279-818E-7D61EF2C921A}
		{2815D74D-BA00-4C6E-B107-CC56416A0D4B} = {A22F6889-6DBB-46B8-B38E-B50114114768}
		{120D67A1-A74A-4C0F-8C00-4049DDDEC96A} = {32726435-40A1-4244-A29F-527E48532AC2}
		{376B3B64-4F01-493D-8850-35A0423587EE} = {120D67A1-A74A-4C0F-8C00-4049DDDEC96A}
		{FCE70043-5DB7-4032-B06F-04DFBD96D603} = {32726435-40A1-4244-A29F-527E48532AC2}
		{C30702C3-912A-4E5F-A005-5638BCC48D46} = {FCE70043-5DB7-4032-B06F-04DFBD96D603}
		{0B981B59-8539-45FA-8A2C-ECA245C86200} = {2593D85C-6B8F-4279-818E-7D61EF2C921A}
		{DDF1582C-AC70-4262-A390-448BB12E7224} = {0B981B59-8539-45FA-8A2C-ECA245C86200}
		{1CFAA57F-6792-4D29-A96F-845B1C0F6FDD} = {32726435-40A1-4244-A29F-527E48532AC2}
		{F38C8AD2-0E69-4C1F-A120-7E73C2C39540} = {32726435-40A1-4244-A29F-527E48532AC2}
		{2A49A166-C5E9-4C45-9156-D5023CCB569B} = {F38C8AD2-0E69-4C1F-A120-7E73C2C39540}
		{05966CE0-4C56-4C9B-8C72-2257BA19351A} = {32726435-40A1-4244-A29F-527E48532AC2}
		{B6686096-4656-4EFB-9438-22A3BEA1B18E} = {05966CE0-4C56-4C9B-8C72-2257BA19351A}
	EndGlobalSection
	GlobalSection(ExtensibilityGlobals) = postSolution
		SolutionGuid = {B70898F1-EBB3-4744-87AD-1FC159245CAE}
	EndGlobalSection
EndGlobal
